
Microsoft Visual Studio Solution File, Format Version 12.00
# Visual Studio Version 16
VisualStudioVersion = 16.0.29519.181
MinimumVisualStudioVersion = 10.0.40219.1
Project("{FAE04EC0-301F-11D3-BF4B-00C04F79EFBC}") = "AtividadeMatheus", "AtividadeMatheus.csproj", "{BCE53469-AE56-4BAB-BD35-294F4CD1C857}"
EndProject
Global
	GlobalSection(SolutionConfigurationPlatforms) = preSolution
		Debug|Any CPU = Debug|Any CPU
		Release|Any CPU = Release|Any CPU
	EndGlobalSection
	GlobalSection(ProjectConfigurationPlatforms) = postSolution
		{BCE53469-AE56-4BAB-BD35-294F4CD1C857}.Debug|Any CPU.ActiveCfg = Debug|Any CPU
		{BCE53469-AE56-4BAB-BD35-294F4CD1C857}.Debug|Any CPU.Build.0 = Debug|Any CPU
		{BCE53469-AE56-4BAB-BD35-294F4CD1C857}.Release|Any CPU.ActiveCfg = Release|Any CPU
		{BCE53469-AE56-4BAB-BD35-294F4CD1C857}.Release|Any CPU.Build.0 = Release|Any CPU
	EndGlobalSection
	GlobalSection(SolutionProperties) = preSolution
		HideSolutionNode = FALSE
	EndGlobalSection
	GlobalSection(ExtensibilityGlobals) = postSolution
		SolutionGuid = {E11CD2FE-F740-40C8-8623-8F385DD7C81E}
	EndGlobalSection
EndGlobal
